
Microsoft Visual Studio Solution File, Format Version 12.00
# Visual Studio 14
VisualStudioVersion = 14.0.25420.1
MinimumVisualStudioVersion = 10.0.40219.1
Project("{FAE04EC0-301F-11D3-BF4B-00C04F79EFBC}") = "GameBoyEm", "GameBoyEm\GameBoyEm.csproj", "{1474D715-5C32-404B-B86B-41EDCE2622E2}"
EndProject
Project("{FAE04EC0-301F-11D3-BF4B-00C04F79EFBC}") = "GameBoyEm.Tests.Oracle", "GameBoyEm.Tests.Oracle\GameBoyEm.Tests.Oracle.csproj", "{88965406-ADFE-4CD4-82F7-2C921317B9CD}"
EndProject
Project("{FAE04EC0-301F-11D3-BF4B-00C04F79EFBC}") = "GameBoyEm.UI", "GameBoyEm.UI\GameBoyEm.UI.csproj", "{BAC09A61-B9E7-48FC-8576-BAAE506AFC6D}"
EndProject
Project("{FAE04EC0-301F-11D3-BF4B-00C04F79EFBC}") = "GameBoyEm.Tests.Performance", "GameBoyEm.Tests.Performance\GameBoyEm.Tests.Performance.csproj", "{F289DE1B-B215-4378-8CF3-3BAF03A9C838}"
EndProject
Global
	GlobalSection(SolutionConfigurationPlatforms) = preSolution
		Debug|Any CPU = Debug|Any CPU
		Release|Any CPU = Release|Any CPU
	EndGlobalSection
	GlobalSection(ProjectConfigurationPlatforms) = postSolution
		{1474D715-5C32-404B-B86B-41EDCE2622E2}.Debug|Any CPU.ActiveCfg = Debug|Any CPU
		{1474D715-5C32-404B-B86B-41EDCE2622E2}.Debug|Any CPU.Build.0 = Debug|Any CPU
		{1474D715-5C32-404B-B86B-41EDCE2622E2}.Release|Any CPU.ActiveCfg = Release|Any CPU
		{1474D715-5C32-404B-B86B-41EDCE2622E2}.Release|Any CPU.Build.0 = Release|Any CPU
		{88965406-ADFE-4CD4-82F7-2C921317B9CD}.Debug|Any CPU.ActiveCfg = Debug|Any CPU
		{88965406-ADFE-4CD4-82F7-2C921317B9CD}.Debug|Any CPU.Build.0 = Debug|Any CPU
		{88965406-ADFE-4CD4-82F7-2C921317B9CD}.Release|Any CPU.ActiveCfg = Release|Any CPU
		{88965406-ADFE-4CD4-82F7-2C921317B9CD}.Release|Any CPU.Build.0 = Release|Any CPU
		{BAC09A61-B9E7-48FC-8576-BAAE506AFC6D}.Debug|Any CPU.ActiveCfg = Debug|Any CPU
		{BAC09A61-B9E7-48FC-8576-BAAE506AFC6D}.Debug|Any CPU.Build.0 = Debug|Any CPU
		{BAC09A61-B9E7-48FC-8576-BAAE506AFC6D}.Release|Any CPU.ActiveCfg = Release|Any CPU
		{BAC09A61-B9E7-48FC-8576-BAAE506AFC6D}.Release|Any CPU.Build.0 = Release|Any CPU
		{F289DE1B-B215-4378-8CF3-3BAF03A9C838}.Debug|Any CPU.ActiveCfg = Debug|Any CPU
		{F289DE1B-B215-4378-8CF3-3BAF03A9C838}.Debug|Any CPU.Build.0 = Debug|Any CPU
		{F289DE1B-B215-4378-8CF3-3BAF03A9C838}.Release|Any CPU.ActiveCfg = Release|Any CPU
		{F289DE1B-B215-4378-8CF3-3BAF03A9C838}.Release|Any CPU.Build.0 = Release|Any CPU
	EndGlobalSection
	GlobalSection(SolutionProperties) = preSolution
		HideSolutionNode = FALSE
	EndGlobalSection
EndGlobal
